
Microsoft Visual Studio Solution File, Format Version 12.00
# Visual Studio Version 17
VisualStudioVersion = 17.5.002.0
MinimumVisualStudioVersion = 10.0.40219.1
Project("{9A19103F-16F7-4668-BE54-9A1E7A4F7556}") = "02-analizadorVentas", "02-analizadorVentas.csproj", "{638584C1-1A77-4CE5-8F12-1EE60455E8FF}"
EndProject
Global
	GlobalSection(SolutionConfigurationPlatforms) = preSolution
		Debug|Any CPU = Debug|Any CPU
		Release|Any CPU = Release|Any CPU
	EndGlobalSection
	GlobalSection(ProjectConfigurationPlatforms) = postSolution
		{638584C1-1A77-4CE5-8F12-1EE60455E8FF}.Debug|Any CPU.ActiveCfg = Debug|Any CPU
		{638584C1-1A77-4CE5-8F12-1EE60455E8FF}.Debug|Any CPU.Build.0 = Debug|Any CPU
		{638584C1-1A77-4CE5-8F12-1EE60455E8FF}.Release|Any CPU.ActiveCfg = Release|Any CPU
		{638584C1-1A77-4CE5-8F12-1EE60455E8FF}.Release|Any CPU.Build.0 = Release|Any CPU
	EndGlobalSection
	GlobalSection(SolutionProperties) = preSolution
		HideSolutionNode = FALSE
	EndGlobalSection
	GlobalSection(ExtensibilityGlobals) = postSolution
		SolutionGuid = {D625379F-CB7F-4C94-BC0C-E25F165C9F94}
	EndGlobalSection
EndGlobal
